// !$*UTF8*$!
{
	archiveVersion = 1;
	classes = {
	};
	objectVersion = 48;
	objects = {

/* Begin PBXBuildFile section */
		1826C4B21FEC5870002EEC8B /* SwipeTableVC.swift in Sources */ = {isa = PBXBuildFile; fileRef = 1826C4B11FEC5870002EEC8B /* SwipeTableVC.swift */; };
		1874D96C1FE67A1F006586FA /* AppDelegate.swift in Sources */ = {isa = PBXBuildFile; fileRef = 1874D96B1FE67A1F006586FA /* AppDelegate.swift */; };
		1874D96E1FE67A1F006586FA /* ToDoListVC.swift in Sources */ = {isa = PBXBuildFile; fileRef = 1874D96D1FE67A1F006586FA /* ToDoListVC.swift */; };
		1874D9711FE67A1F006586FA /* Main.storyboard in Resources */ = {isa = PBXBuildFile; fileRef = 1874D96F1FE67A1F006586FA /* Main.storyboard */; };
		1874D9731FE67A1F006586FA /* Assets.xcassets in Resources */ = {isa = PBXBuildFile; fileRef = 1874D9721FE67A1F006586FA /* Assets.xcassets */; };
		1874D9761FE67A1F006586FA /* LaunchScreen.storyboard in Resources */ = {isa = PBXBuildFile; fileRef = 1874D9741FE67A1F006586FA /* LaunchScreen.storyboard */; };
		1874D9841FE6D953006586FA /* Constants.swift in Sources */ = {isa = PBXBuildFile; fileRef = 1874D9831FE6D953006586FA /* Constants.swift */; };
		189C4A4D1FEBBA3B00097839 /* Item.swift in Sources */ = {isa = PBXBuildFile; fileRef = 189C4A4C1FEBBA3B00097839 /* Item.swift */; };
		189C4A4F1FEBBA4600097839 /* Category.swift in Sources */ = {isa = PBXBuildFile; fileRef = 189C4A4E1FEBBA4600097839 /* Category.swift */; };
		18A6C58B1FE9C2F600587B53 /* CategoryVC.swift in Sources */ = {isa = PBXBuildFile; fileRef = 18A6C58A1FE9C2F600587B53 /* CategoryVC.swift */; };
		60A43C4E27D0B290A4B4B272 /* Pods_RustyToDoApp.framework in Frameworks */ = {isa = PBXBuildFile; fileRef = 76E69AF3B0F2DBD7607EED1C /* Pods_RustyToDoApp.framework */; };
/* End PBXBuildFile section */

/* Begin PBXFileReference section */
		1826C4B11FEC5870002EEC8B /* SwipeTableVC.swift */ = {isa = PBXFileReference; lastKnownFileType = sourcecode.swift; path = SwipeTableVC.swift; sourceTree = "<group>"; };
		1874D9681FE67A1F006586FA /* RustyToDoApp.app */ = {isa = PBXFileReference; explicitFileType = wrapper.application; includeInIndex = 0; path = RustyToDoApp.app; sourceTree = BUILT_PRODUCTS_DIR; };
		1874D96B1FE67A1F006586FA /* AppDelegate.swift */ = {isa = PBXFileReference; lastKnownFileType = sourcecode.swift; path = AppDelegate.swift; sourceTree = "<group>"; };
		1874D96D1FE67A1F006586FA /* ToDoListVC.swift */ = {isa = PBXFileReference; lastKnownFileType = sourcecode.swift; path = ToDoListVC.swift; sourceTree = "<group>"; };
		1874D9701FE67A1F006586FA /* Base */ = {isa = PBXFileReference; lastKnownFileType = file.storyboard; name = Base; path = Base.lproj/Main.storyboard; sourceTree = "<group>"; };
		1874D9721FE67A1F006586FA /* Assets.xcassets */ = {isa = PBXFileReference; lastKnownFileType = folder.assetcatalog; path = Assets.xcassets; sourceTree = "<group>"; };
		1874D9751FE67A1F006586FA /* Base */ = {isa = PBXFileReference; lastKnownFileType = file.storyboard; name = Base; path = Base.lproj/LaunchScreen.storyboard; sourceTree = "<group>"; };
		1874D9771FE67A1F006586FA /* Info.plist */ = {isa = PBXFileReference; lastKnownFileType = text.plist.xml; path = Info.plist; sourceTree = "<group>"; };
		1874D9831FE6D953006586FA /* Constants.swift */ = {isa = PBXFileReference; lastKnownFileType = sourcecode.swift; path = Constants.swift; sourceTree = "<group>"; };
		189C4A4C1FEBBA3B00097839 /* Item.swift */ = {isa = PBXFileReference; lastKnownFileType = sourcecode.swift; path = Item.swift; sourceTree = "<group>"; };
		189C4A4E1FEBBA4600097839 /* Category.swift */ = {isa = PBXFileReference; lastKnownFileType = sourcecode.swift; path = Category.swift; sourceTree = "<group>"; };
		18A6C58A1FE9C2F600587B53 /* CategoryVC.swift */ = {isa = PBXFileReference; lastKnownFileType = sourcecode.swift; path = CategoryVC.swift; sourceTree = "<group>"; };
		76E69AF3B0F2DBD7607EED1C /* Pods_RustyToDoApp.framework */ = {isa = PBXFileReference; explicitFileType = wrapper.framework; includeInIndex = 0; path = Pods_RustyToDoApp.framework; sourceTree = BUILT_PRODUCTS_DIR; };
		DC38314A1310E0D840860624 /* Pods-RustyToDoApp.debug.xcconfig */ = {isa = PBXFileReference; includeInIndex = 1; lastKnownFileType = text.xcconfig; name = "Pods-RustyToDoApp.debug.xcconfig"; path = "Pods/Target Support Files/Pods-RustyToDoApp/Pods-RustyToDoApp.debug.xcconfig"; sourceTree = "<group>"; };
		DE80937A0B858706554718AE /* Pods-RustyToDoApp.release.xcconfig */ = {isa = PBXFileReference; includeInIndex = 1; lastKnownFileType = text.xcconfig; name = "Pods-RustyToDoApp.release.xcconfig"; path = "Pods/Target Support Files/Pods-RustyToDoApp/Pods-RustyToDoApp.release.xcconfig"; sourceTree = "<group>"; };
/* End PBXFileReference section */

/* Begin PBXFrameworksBuildPhase section */
		1874D9651FE67A1F006586FA /* Frameworks */ = {
			isa = PBXFrameworksBuildPhase;
			buildActionMask = 2147483647;
			files = (
				60A43C4E27D0B290A4B4B272 /* Pods_RustyToDoApp.framework in Frameworks */,
			);
			runOnlyForDeploymentPostprocessing = 0;
		};
/* End PBXFrameworksBuildPhase section */

/* Begin PBXGroup section */
		0F1984C0E710F0CF0EA28C39 /* Frameworks */ = {
			isa = PBXGroup;
			children = (
				76E69AF3B0F2DBD7607EED1C /* Pods_RustyToDoApp.framework */,
			);
			name = Frameworks;
			sourceTree = "<group>";
		};
		1874D95F1FE67A1F006586FA = {
			isa = PBXGroup;
			children = (
				1874D96A1FE67A1F006586FA /* RustyToDoApp */,
				1874D9691FE67A1F006586FA /* Products */,
				1F5AC158BD805051AF48C913 /* Pods */,
				0F1984C0E710F0CF0EA28C39 /* Frameworks */,
			);
			sourceTree = "<group>";
		};
		1874D9691FE67A1F006586FA /* Products */ = {
			isa = PBXGroup;
			children = (
				1874D9681FE67A1F006586FA /* RustyToDoApp.app */,
			);
			name = Products;
			sourceTree = "<group>";
		};
		1874D96A1FE67A1F006586FA /* RustyToDoApp */ = {
			isa = PBXGroup;
			children = (
				1874D96B1FE67A1F006586FA /* AppDelegate.swift */,
				1874D9801FE6C639006586FA /* Controllers */,
				1874D97F1FE6C62B006586FA /* Data Model */,
				1874D9811FE6C641006586FA /* Views */,
				1874D9821FE6C6E3006586FA /* Supporting Files */,
				1874D9771FE67A1F006586FA /* Info.plist */,
			);
			path = RustyToDoApp;
			sourceTree = "<group>";
		};
		1874D97F1FE6C62B006586FA /* Data Model */ = {
			isa = PBXGroup;
			children = (
				189C4A4E1FEBBA4600097839 /* Category.swift */,
				189C4A4C1FEBBA3B00097839 /* Item.swift */,
			);
			path = "Data Model";
			sourceTree = "<group>";
		};
		1874D9801FE6C639006586FA /* Controllers */ = {
			isa = PBXGroup;
			children = (
				1826C4B11FEC5870002EEC8B /* SwipeTableVC.swift */,
				18A6C58A1FE9C2F600587B53 /* CategoryVC.swift */,
				1874D96D1FE67A1F006586FA /* ToDoListVC.swift */,
			);
			path = Controllers;
			sourceTree = "<group>";
		};
		1874D9811FE6C641006586FA /* Views */ = {
			isa = PBXGroup;
			children = (
				1874D96F1FE67A1F006586FA /* Main.storyboard */,
			);
			path = Views;
			sourceTree = "<group>";
		};
		1874D9821FE6C6E3006586FA /* Supporting Files */ = {
			isa = PBXGroup;
			children = (
				1874D9721FE67A1F006586FA /* Assets.xcassets */,
				1874D9741FE67A1F006586FA /* LaunchScreen.storyboard */,
				1874D9831FE6D953006586FA /* Constants.swift */,
			);
			path = "Supporting Files";
			sourceTree = "<group>";
		};
		1F5AC158BD805051AF48C913 /* Pods */ = {
			isa = PBXGroup;
			children = (
				DC38314A1310E0D840860624 /* Pods-RustyToDoApp.debug.xcconfig */,
				DE80937A0B858706554718AE /* Pods-RustyToDoApp.release.xcconfig */,
			);
			name = Pods;
			sourceTree = "<group>";
		};
/* End PBXGroup section */

/* Begin PBXNativeTarget section */
		1874D9671FE67A1F006586FA /* RustyToDoApp */ = {
			isa = PBXNativeTarget;
			buildConfigurationList = 1874D97A1FE67A1F006586FA /* Build configuration list for PBXNativeTarget "RustyToDoApp" */;
			buildPhases = (
				AB023F2046B85393C726241A /* [CP] Check Pods Manifest.lock */,
				1874D9641FE67A1F006586FA /* Sources */,
				1874D9651FE67A1F006586FA /* Frameworks */,
				1874D9661FE67A1F006586FA /* Resources */,
				E4D0F0878EAD3097C76EB22F /* [CP] Embed Pods Frameworks */,
				DC73DFCEBB1C64E98174633C /* [CP] Copy Pods Resources */,
			);
			buildRules = (
			);
			dependencies = (
			);
			name = RustyToDoApp;
			productName = RustyToDoApp;
			productReference = 1874D9681FE67A1F006586FA /* RustyToDoApp.app */;
			productType = "com.apple.product-type.application";
		};
/* End PBXNativeTarget section */

/* Begin PBXProject section */
		1874D9601FE67A1F006586FA /* Project object */ = {
			isa = PBXProject;
			attributes = {
				LastSwiftUpdateCheck = 0900;
				LastUpgradeCheck = 0900;
				ORGANIZATIONNAME = "Russell Brown";
				TargetAttributes = {
					1874D9671FE67A1F006586FA = {
						CreatedOnToolsVersion = 9.0;
						ProvisioningStyle = Automatic;
					};
				};
			};
			buildConfigurationList = 1874D9631FE67A1F006586FA /* Build configuration list for PBXProject "RustyToDoApp" */;
			compatibilityVersion = "Xcode 8.0";
			developmentRegion = en;
			hasScannedForEncodings = 0;
			knownRegions = (
				en,
				Base,
			);
			mainGroup = 1874D95F1FE67A1F006586FA;
			productRefGroup = 1874D9691FE67A1F006586FA /* Products */;
			projectDirPath = "";
			projectRoot = "";
			targets = (
				1874D9671FE67A1F006586FA /* RustyToDoApp */,
			);
		};
/* End PBXProject section */

/* Begin PBXResourcesBuildPhase section */
		1874D9661FE67A1F006586FA /* Resources */ = {
			isa = PBXResourcesBuildPhase;
			buildActionMask = 2147483647;
			files = (
				1874D9761FE67A1F006586FA /* LaunchScreen.storyboard in Resources */,
				1874D9731FE67A1F006586FA /* Assets.xcassets in Resources */,
				1874D9711FE67A1F006586FA /* Main.storyboard in Resources */,
			);
			runOnlyForDeploymentPostprocessing = 0;
		};
/* End PBXResourcesBuildPhase section */

/* Begin PBXShellScriptBuildPhase section */
		AB023F2046B85393C726241A /* [CP] Check Pods Manifest.lock */ = {
			isa = PBXShellScriptBuildPhase;
			buildActionMask = 2147483647;
			files = (
			);
			inputPaths = (
				"${PODS_PODFILE_DIR_PATH}/Podfile.lock",
				"${PODS_ROOT}/Manifest.lock",
			);
			name = "[CP] Check Pods Manifest.lock";
			outputPaths = (
				"$(DERIVED_FILE_DIR)/Pods-RustyToDoApp-checkManifestLockResult.txt",
			);
			runOnlyForDeploymentPostprocessing = 0;
			shellPath = /bin/sh;
			shellScript = "diff \"${PODS_PODFILE_DIR_PATH}/Podfile.lock\" \"${PODS_ROOT}/Manifest.lock\" > /dev/null\nif [ $? != 0 ] ; then\n    # print error to STDERR\n    echo \"error: The sandbox is not in sync with the Podfile.lock. Run 'pod install' or update your CocoaPods installation.\" >&2\n    exit 1\nfi\n# This output is used by Xcode 'outputs' to avoid re-running this script phase.\necho \"SUCCESS\" > \"${SCRIPT_OUTPUT_FILE_0}\"\n";
			showEnvVarsInLog = 0;
		};
		DC73DFCEBB1C64E98174633C /* [CP] Copy Pods Resources */ = {
			isa = PBXShellScriptBuildPhase;
			buildActionMask = 2147483647;
			files = (
			);
			inputPaths = (
			);
			name = "[CP] Copy Pods Resources";
			outputPaths = (
			);
			runOnlyForDeploymentPostprocessing = 0;
			shellPath = /bin/sh;
			shellScript = "\"${SRCROOT}/Pods/Target Support Files/Pods-RustyToDoApp/Pods-RustyToDoApp-resources.sh\"\n";
			showEnvVarsInLog = 0;
		};
		E4D0F0878EAD3097C76EB22F /* [CP] Embed Pods Frameworks */ = {
			isa = PBXShellScriptBuildPhase;
			buildActionMask = 2147483647;
			files = (
			);
			inputPaths = (
				"${SRCROOT}/Pods/Target Support Files/Pods-RustyToDoApp/Pods-RustyToDoApp-frameworks.sh",
				"${BUILT_PRODUCTS_DIR}/ChameleonFramework/ChameleonFramework.framework",
				"${BUILT_PRODUCTS_DIR}/Realm/Realm.framework",
				"${BUILT_PRODUCTS_DIR}/RealmSwift/RealmSwift.framework",
				"${BUILT_PRODUCTS_DIR}/SwipeCellKit/SwipeCellKit.framework",
			);
			name = "[CP] Embed Pods Frameworks";
			outputPaths = (
				"${TARGET_BUILD_DIR}/${FRAMEWORKS_FOLDER_PATH}/ChameleonFramework.framework",
				"${TARGET_BUILD_DIR}/${FRAMEWORKS_FOLDER_PATH}/Realm.framework",
				"${TARGET_BUILD_DIR}/${FRAMEWORKS_FOLDER_PATH}/RealmSwift.framework",
				"${TARGET_BUILD_DIR}/${FRAMEWORKS_FOLDER_PATH}/SwipeCellKit.framework",
			);
			runOnlyForDeploymentPostprocessing = 0;
			shellPath = /bin/sh;
			shellScript = "\"${SRCROOT}/Pods/Target Support Files/Pods-RustyToDoApp/Pods-RustyToDoApp-frameworks.sh\"\n";
			showEnvVarsInLog = 0;
		};
/* End PBXShellScriptBuildPhase section */

/* Begin PBXSourcesBuildPhase section */
		1874D9641FE67A1F006586FA /* Sources */ = {
			isa = PBXSourcesBuildPhase;
			buildActionMask = 2147483647;
			files = (
				1826C4B21FEC5870002EEC8B /* SwipeTableVC.swift in Sources */,
				18A6C58B1FE9C2F600587B53 /* CategoryVC.swift in Sources */,
				1874D96E1FE67A1F006586FA /* ToDoListVC.swift in Sources */,
				1874D96C1FE67A1F006586FA /* AppDelegate.swift in Sources */,
				189C4A4D1FEBBA3B00097839 /* Item.swift in Sources */,
				1874D9841FE6D953006586FA /* Constants.swift in Sources */,
				189C4A4F1FEBBA4600097839 /* Category.swift in Sources */,
			);
			runOnlyForDeploymentPostprocessing = 0;
		};
/* End PBXSourcesBuildPhase section */

/* Begin PBXVariantGroup section */
		1874D96F1FE67A1F006586FA /* Main.storyboard */ = {
			isa = PBXVariantGroup;
			children = (
				1874D9701FE67A1F006586FA /* Base */,
			);
			name = Main.storyboard;
			sourceTree = "<group>";
		};
		1874D9741FE67A1F006586FA /* LaunchScreen.storyboard */ = {
			isa = PBXVariantGroup;
			children = (
				1874D9751FE67A1F006586FA /* Base */,
			);
			name = LaunchScreen.storyboard;
			sourceTree = "<group>";
		};
/* End PBXVariantGroup section */

/* Begin XCBuildConfiguration section */
		1874D9781FE67A1F006586FA /* Debug */ = {
			isa = XCBuildConfiguration;
			buildSettings = {
				ALWAYS_SEARCH_USER_PATHS = NO;
				CLANG_ANALYZER_NONNULL = YES;
				CLANG_ANALYZER_NUMBER_OBJECT_CONVERSION = YES_AGGRESSIVE;
				CLANG_CXX_LANGUAGE_STANDARD = "gnu++14";
				CLANG_CXX_LIBRARY = "libc++";
				CLANG_ENABLE_MODULES = YES;
				CLANG_ENABLE_OBJC_ARC = YES;
				CLANG_WARN_BLOCK_CAPTURE_AUTORELEASING = YES;
				CLANG_WARN_BOOL_CONVERSION = YES;
				CLANG_WARN_COMMA = YES;
				CLANG_WARN_CONSTANT_CONVERSION = YES;
				CLANG_WARN_DIRECT_OBJC_ISA_USAGE = YES_ERROR;
				CLANG_WARN_DOCUMENTATION_COMMENTS = YES;
				CLANG_WARN_EMPTY_BODY = YES;
				CLANG_WARN_ENUM_CONVERSION = YES;
				CLANG_WARN_INFINITE_RECURSION = YES;
				CLANG_WARN_INT_CONVERSION = YES;
				CLANG_WARN_NON_LITERAL_NULL_CONVERSION = YES;
				CLANG_WARN_OBJC_LITERAL_CONVERSION = YES;
				CLANG_WARN_OBJC_ROOT_CLASS = YES_ERROR;
				CLANG_WARN_RANGE_LOOP_ANALYSIS = YES;
				CLANG_WARN_STRICT_PROTOTYPES = YES;
				CLANG_WARN_SUSPICIOUS_MOVE = YES;
				CLANG_WARN_UNGUARDED_AVAILABILITY = YES_AGGRESSIVE;
				CLANG_WARN_UNREACHABLE_CODE = YES;
				CLANG_WARN__DUPLICATE_METHOD_MATCH = YES;
				CODE_SIGN_IDENTITY = "iPhone Developer";
				COPY_PHASE_STRIP = NO;
				DEBUG_INFORMATION_FORMAT = dwarf;
				ENABLE_STRICT_OBJC_MSGSEND = YES;
				ENABLE_TESTABILITY = YES;
				GCC_C_LANGUAGE_STANDARD = gnu11;
				GCC_DYNAMIC_NO_PIC = NO;
				GCC_NO_COMMON_BLOCKS = YES;
				GCC_OPTIMIZATION_LEVEL = 0;
				GCC_PREPROCESSOR_DEFINITIONS = (
					"DEBUG=1",
					"$(inherited)",
				);
				GCC_WARN_64_TO_32_BIT_CONVERSION = YES;
				GCC_WARN_ABOUT_RETURN_TYPE = YES_ERROR;
				GCC_WARN_UNDECLARED_SELECTOR = YES;
				GCC_WARN_UNINITIALIZED_AUTOS = YES_AGGRESSIVE;
				GCC_WARN_UNUSED_FUNCTION = YES;
				GCC_WARN_UNUSED_VARIABLE = YES;
				IPHONEOS_DEPLOYMENT_TARGET = 11.0;
				MTL_ENABLE_DEBUG_INFO = YES;
				ONLY_ACTIVE_ARCH = YES;
				SDKROOT = iphoneos;
				SWIFT_ACTIVE_COMPILATION_CONDITIONS = DEBUG;
				SWIFT_OPTIMIZATION_LEVEL = "-Onone";
			};
			name = Debug;
		};
		1874D9791FE67A1F006586FA /* Release */ = {
			isa = XCBuildConfiguration;
			buildSettings = {
				ALWAYS_SEARCH_USER_PATHS = NO;
				CLANG_ANALYZER_NONNULL = YES;
				CLANG_ANALYZER_NUMBER_OBJECT_CONVERSION = YES_AGGRESSIVE;
				CLANG_CXX_LANGUAGE_STANDARD = "gnu++14";
				CLANG_CXX_LIBRARY = "libc++";
				CLANG_ENABLE_MODULES = YES;
				CLANG_ENABLE_OBJC_ARC = YES;
				CLANG_WARN_BLOCK_CAPTURE_AUTORELEASING = YES;
				CLANG_WARN_BOOL_CONVERSION = YES;
				CLANG_WARN_COMMA = YES;
				CLANG_WARN_CONSTANT_CONVERSION = YES;
				CLANG_WARN_DIRECT_OBJC_ISA_USAGE = YES_ERROR;
				CLANG_WARN_DOCUMENTATION_COMMENTS = YES;
				CLANG_WARN_EMPTY_BODY = YES;
				CLANG_WARN_ENUM_CONVERSION = YES;
				CLANG_WARN_INFINITE_RECURSION = YES;
				CLANG_WARN_INT_CONVERSION = YES;
				CLANG_WARN_NON_LITERAL_NULL_CONVERSION = YES;
				CLANG_WARN_OBJC_LITERAL_CONVERSION = YES;
				CLANG_WARN_OBJC_ROOT_CLASS = YES_ERROR;
				CLANG_WARN_RANGE_LOOP_ANALYSIS = YES;
				CLANG_WARN_STRICT_PROTOTYPES = YES;
				CLANG_WARN_SUSPICIOUS_MOVE = YES;
				CLANG_WARN_UNGUARDED_AVAILABILITY = YES_AGGRESSIVE;
				CLANG_WARN_UNREACHABLE_CODE = YES;
				CLANG_WARN__DUPLICATE_METHOD_MATCH = YES;
				CODE_SIGN_IDENTITY = "iPhone Developer";
				COPY_PHASE_STRIP = NO;
				DEBUG_INFORMATION_FORMAT = "dwarf-with-dsym";
				ENABLE_NS_ASSERTIONS = NO;
				ENABLE_STRICT_OBJC_MSGSEND = YES;
				GCC_C_LANGUAGE_STANDARD = gnu11;
				GCC_NO_COMMON_BLOCKS = YES;
				GCC_WARN_64_TO_32_BIT_CONVERSION = YES;
				GCC_WARN_ABOUT_RETURN_TYPE = YES_ERROR;
				GCC_WARN_UNDECLARED_SELECTOR = YES;
				GCC_WARN_UNINITIALIZED_AUTOS = YES_AGGRESSIVE;
				GCC_WARN_UNUSED_FUNCTION = YES;
				GCC_WARN_UNUSED_VARIABLE = YES;
				IPHONEOS_DEPLOYMENT_TARGET = 11.0;
				MTL_ENABLE_DEBUG_INFO = NO;
				SDKROOT = iphoneos;
				SWIFT_OPTIMIZATION_LEVEL = "-Owholemodule";
				VALIDATE_PRODUCT = YES;
			};
			name = Release;
		};
		1874D97B1FE67A1F006586FA /* Debug */ = {
			isa = XCBuildConfiguration;
			baseConfigurationReference = DC38314A1310E0D840860624 /* Pods-RustyToDoApp.debug.xcconfig */;
			buildSettings = {
				ASSETCATALOG_COMPILER_APPICON_NAME = AppIcon;
				CODE_SIGN_STYLE = Automatic;
				DEVELOPMENT_TEAM = 68T9DHR6UY;
				INFOPLIST_FILE = RustyToDoApp/Info.plist;
				LD_RUNPATH_SEARCH_PATHS = "$(inherited) @executable_path/Frameworks";
				PRODUCT_BUNDLE_IDENTIFIER = com.IanRussellBrown.RustyToDoApp;
				PRODUCT_NAME = "$(TARGET_NAME)";
				SWIFT_VERSION = 4.0;
				TARGETED_DEVICE_FAMILY = "1,2";
			};
			name = Debug;
		};
		1874D97C1FE67A1F006586FA /* Release */ = {
			isa = XCBuildConfiguration;
			baseConfigurationReference = DE80937A0B858706554718AE /* Pods-RustyToDoApp.release.xcconfig */;
			buildSettings = {
				ASSETCATALOG_COMPILER_APPICON_NAME = AppIcon;
				CODE_SIGN_STYLE = Automatic;
				DEVELOPMENT_TEAM = 68T9DHR6UY;
				INFOPLIST_FILE = RustyToDoApp/Info.plist;
				LD_RUNPATH_SEARCH_PATHS = "$(inherited) @executable_path/Frameworks";
				PRODUCT_BUNDLE_IDENTIFIER = com.IanRussellBrown.RustyToDoApp;
				PRODUCT_NAME = "$(TARGET_NAME)";
				SWIFT_VERSION = 4.0;
				TARGETED_DEVICE_FAMILY = "1,2";
			};
			name = Release;
		};
/* End XCBuildConfiguration section */

/* Begin XCConfigurationList section */
		1874D9631FE67A1F006586FA /* Build configuration list for PBXProject "RustyToDoApp" */ = {
			isa = XCConfigurationList;
			buildConfigurations = (
				1874D9781FE67A1F006586FA /* Debug */,
				1874D9791FE67A1F006586FA /* Release */,
			);
			defaultConfigurationIsVisible = 0;
			defaultConfigurationName = Release;
		};
		1874D97A1FE67A1F006586FA /* Build configuration list for PBXNativeTarget "RustyToDoApp" */ = {
			isa = XCConfigurationList;
			buildConfigurations = (
				1874D97B1FE67A1F006586FA /* Debug */,
				1874D97C1FE67A1F006586FA /* Release */,
			);
			defaultConfigurationIsVisible = 0;
			defaultConfigurationName = Release;
		};
/* End XCConfigurationList section */
	};
	rootObject = 1874D9601FE67A1F006586FA /* Project object */;
}
